{
    "_readme": [
        "This file locks the dependencies of your project to a known state",
        "Read more about it at https://getcomposer.org/doc/01-basic-usage.md#composer-lock-the-lock-file",
        "This file is @generated automatically"
    ],
    "hash": "857b8cd2c3e97551e88439fcbc01accf",
    "content-hash": "edb3b38b45893fdefebc00c13bfc7f09",
    "packages": [
        {
            "name": "abraham/twitteroauth",
            "version": "0.6.2",
            "source": {
                "type": "git",
                "url": "https://github.com/abraham/twitteroauth.git",
                "reference": "d4fc4a3c36f5ecdfc8865ab1e7cefc432e49491c"
            },
            "dist": {
                "type": "zip",
                "url": "https://api.github.com/repos/abraham/twitteroauth/zipball/d4fc4a3c36f5ecdfc8865ab1e7cefc432e49491c",
                "reference": "d4fc4a3c36f5ecdfc8865ab1e7cefc432e49491c",
                "shasum": ""
            },
            "require": {
                "ext-curl": "*",
                "php": ">=5.5.0"
            },
            "require-dev": {
                "phpmd/phpmd": "2.2.*",
                "phpunit/phpunit": "4.7.*",
                "squizlabs/php_codesniffer": "2.3.*"
            },
            "type": "library",
            "autoload": {
                "psr-4": {
                    "Abraham\\TwitterOAuth\\": "src"
                }
            },
            "notification-url": "https://packagist.org/downloads/",
            "license": [
                "MIT"
            ],
            "authors": [
                {
                    "name": "Abraham Williams",
                    "email": "abraham@abrah.am",
                    "homepage": "https://abrah.am",
                    "role": "Developer"
                }
            ],
            "description": "The most popular PHP library for use with the Twitter OAuth REST API.",
            "homepage": "https://twitteroauth.com",
            "keywords": [
                "Twitter API",
                "Twitter oAuth",
                "api",
                "oauth",
                "rest",
                "social",
                "twitter"
            ],
            "time": "2015-11-05 04:04:20"
        },
        {
            "name": "f1code/wputils",
            "version": "dev-master",
            "source": {
                "type": "git",
                "url": "https://github.com/f1code/f1-wp-utils.git",
                "reference": "ff5a732dba067ca23abbfa7e81f8d06c2cc76ef2"
            },
            "dist": {
                "type": "zip",
                "url": "https://api.github.com/repos/f1code/f1-wp-utils/zipball/ff5a732dba067ca23abbfa7e81f8d06c2cc76ef2",
                "reference": "ff5a732dba067ca23abbfa7e81f8d06c2cc76ef2",
                "shasum": ""
            },
            "require": {
                "php": ">=5.3.0"
            },
            "type": "library",
            "autoload": {
                "psr-4": {
                    "F1\\WPUtils\\": "src"
                }
            },
            "notification-url": "https://packagist.org/downloads/",
            "license": [
                "GPLv2"
            ],
            "authors": [
                {
                    "name": "F1 Code",
                    "email": "nic@f1code.com",
                    "homepage": "http://f1code.com",
                    "role": "Developer"
                }
            ],
            "description": "WP Utilities",
            "time": "2015-12-15 10:48:44"
        }
    ],
    "packages-dev": [],
    "aliases": [],
    "minimum-stability": "stable",
    "stability-flags": {
        "f1code/wputils": 20
    },
    "prefer-stable": false,
    "prefer-lowest": false,
    "platform": [],
    "platform-dev": []
}
